// !$*UTF8*$!
{
	archiveVersion = 1;
	classes = {
	};
	objectVersion = 46;
	objects = {

/* Begin PBXBuildFile section */
		1D4885511DDD59F300FC49CA /* AppDelegate.swift in Sources */ = {isa = PBXBuildFile; fileRef = 1D4885501DDD59F300FC49CA /* AppDelegate.swift */; };
		1D4885531DDD59F300FC49CA /* ViewController.swift in Sources */ = {isa = PBXBuildFile; fileRef = 1D4885521DDD59F300FC49CA /* ViewController.swift */; };
		1D4885561DDD59F300FC49CA /* Main.storyboard in Resources */ = {isa = PBXBuildFile; fileRef = 1D4885541DDD59F300FC49CA /* Main.storyboard */; };
		1D4885581DDD59F300FC49CA /* Assets.xcassets in Resources */ = {isa = PBXBuildFile; fileRef = 1D4885571DDD59F300FC49CA /* Assets.xcassets */; };
		1D48855B1DDD59F300FC49CA /* LaunchScreen.storyboard in Resources */ = {isa = PBXBuildFile; fileRef = 1D4885591DDD59F300FC49CA /* LaunchScreen.storyboard */; };
		1D4885641DDD80A300FC49CA /* QuoteModels.swift in Sources */ = {isa = PBXBuildFile; fileRef = 1D4885631DDD80A300FC49CA /* QuoteModels.swift */; };
		1D4885661DDD84DD00FC49CA /* QuoteService.swift in Sources */ = {isa = PBXBuildFile; fileRef = 1D4885651DDD84DD00FC49CA /* QuoteService.swift */; };
		1D4885681DDD87A700FC49CA /* NetworkOperations.swift in Sources */ = {isa = PBXBuildFile; fileRef = 1D4885671DDD87A700FC49CA /* NetworkOperations.swift */; };
		1D48856A1DDD8E1B00FC49CA /* Alert.swift in Sources */ = {isa = PBXBuildFile; fileRef = 1D4885691DDD8E1B00FC49CA /* Alert.swift */; };
/* End PBXBuildFile section */

/* Begin PBXFileReference section */
		1D48854D1DDD59F300FC49CA /* Kwuote.app */ = {isa = PBXFileReference; explicitFileType = wrapper.application; includeInIndex = 0; path = Kwuote.app; sourceTree = BUILT_PRODUCTS_DIR; };
		1D4885501DDD59F300FC49CA /* AppDelegate.swift */ = {isa = PBXFileReference; lastKnownFileType = sourcecode.swift; path = AppDelegate.swift; sourceTree = "<group>"; };
		1D4885521DDD59F300FC49CA /* ViewController.swift */ = {isa = PBXFileReference; lastKnownFileType = sourcecode.swift; path = ViewController.swift; sourceTree = "<group>"; };
		1D4885551DDD59F300FC49CA /* Base */ = {isa = PBXFileReference; lastKnownFileType = file.storyboard; name = Base; path = Base.lproj/Main.storyboard; sourceTree = "<group>"; };
		1D4885571DDD59F300FC49CA /* Assets.xcassets */ = {isa = PBXFileReference; lastKnownFileType = folder.assetcatalog; path = Assets.xcassets; sourceTree = "<group>"; };
		1D48855A1DDD59F300FC49CA /* Base */ = {isa = PBXFileReference; lastKnownFileType = file.storyboard; name = Base; path = Base.lproj/LaunchScreen.storyboard; sourceTree = "<group>"; };
		1D48855C1DDD59F300FC49CA /* Info.plist */ = {isa = PBXFileReference; lastKnownFileType = text.plist.xml; path = Info.plist; sourceTree = "<group>"; };
		1D4885631DDD80A300FC49CA /* QuoteModels.swift */ = {isa = PBXFileReference; fileEncoding = 4; lastKnownFileType = sourcecode.swift; path = QuoteModels.swift; sourceTree = "<group>"; };
		1D4885651DDD84DD00FC49CA /* QuoteService.swift */ = {isa = PBXFileReference; fileEncoding = 4; lastKnownFileType = sourcecode.swift; path = QuoteService.swift; sourceTree = "<group>"; };
		1D4885671DDD87A700FC49CA /* NetworkOperations.swift */ = {isa = PBXFileReference; fileEncoding = 4; lastKnownFileType = sourcecode.swift; path = NetworkOperations.swift; sourceTree = "<group>"; };
		1D4885691DDD8E1B00FC49CA /* Alert.swift */ = {isa = PBXFileReference; fileEncoding = 4; lastKnownFileType = sourcecode.swift; path = Alert.swift; sourceTree = "<group>"; };
/* End PBXFileReference section */

/* Begin PBXFrameworksBuildPhase section */
		1D48854A1DDD59F300FC49CA /* Frameworks */ = {
			isa = PBXFrameworksBuildPhase;
			buildActionMask = 2147483647;
			files = (
			);
			runOnlyForDeploymentPostprocessing = 0;
		};
/* End PBXFrameworksBuildPhase section */

/* Begin PBXGroup section */
		1D4885441DDD59F300FC49CA = {
			isa = PBXGroup;
			children = (
				1D48854F1DDD59F300FC49CA /* Kwuote */,
				1D48854E1DDD59F300FC49CA /* Products */,
			);
			sourceTree = "<group>";
		};
		1D48854E1DDD59F300FC49CA /* Products */ = {
			isa = PBXGroup;
			children = (
				1D48854D1DDD59F300FC49CA /* Kwuote.app */,
			);
			name = Products;
			sourceTree = "<group>";
		};
		1D48854F1DDD59F300FC49CA /* Kwuote */ = {
			isa = PBXGroup;
			children = (
				1D4885621DDD7F9500FC49CA /* Model */,
				1D4885501DDD59F300FC49CA /* AppDelegate.swift */,
				1D4885521DDD59F300FC49CA /* ViewController.swift */,
				1D4885691DDD8E1B00FC49CA /* Alert.swift */,
				1D4885541DDD59F300FC49CA /* Main.storyboard */,
				1D4885571DDD59F300FC49CA /* Assets.xcassets */,
				1D4885591DDD59F300FC49CA /* LaunchScreen.storyboard */,
				1D48855C1DDD59F300FC49CA /* Info.plist */,
			);
			path = Kwuote;
			sourceTree = "<group>";
		};
		1D4885621DDD7F9500FC49CA /* Model */ = {
			isa = PBXGroup;
			children = (
				1D4885631DDD80A300FC49CA /* QuoteModels.swift */,
				1D4885651DDD84DD00FC49CA /* QuoteService.swift */,
				1D4885671DDD87A700FC49CA /* NetworkOperations.swift */,
			);
			name = Model;
			sourceTree = "<group>";
		};
/* End PBXGroup section */

/* Begin PBXNativeTarget section */
		1D48854C1DDD59F300FC49CA /* Kwuote */ = {
			isa = PBXNativeTarget;
			buildConfigurationList = 1D48855F1DDD59F300FC49CA /* Build configuration list for PBXNativeTarget "Kwuote" */;
			buildPhases = (
				1D4885491DDD59F300FC49CA /* Sources */,
				1D48854A1DDD59F300FC49CA /* Frameworks */,
				1D48854B1DDD59F300FC49CA /* Resources */,
			);
			buildRules = (
			);
			dependencies = (
			);
			name = Kwuote;
			productName = Kwuote;
			productReference = 1D48854D1DDD59F300FC49CA /* Kwuote.app */;
			productType = "com.apple.product-type.application";
		};
/* End PBXNativeTarget section */

/* Begin PBXProject section */
		1D4885451DDD59F300FC49CA /* Project object */ = {
			isa = PBXProject;
			attributes = {
				LastSwiftUpdateCheck = 0810;
				LastUpgradeCheck = 0810;
				ORGANIZATIONNAME = "Carson Carbery";
				TargetAttributes = {
					1D48854C1DDD59F300FC49CA = {
						CreatedOnToolsVersion = 8.1;
						DevelopmentTeam = 5ZYKCXQGR3;
						ProvisioningStyle = Automatic;
					};
				};
			};
			buildConfigurationList = 1D4885481DDD59F300FC49CA /* Build configuration list for PBXProject "Kwuote" */;
			compatibilityVersion = "Xcode 3.2";
			developmentRegion = English;
			hasScannedForEncodings = 0;
			knownRegions = (
				en,
				Base,
			);
			mainGroup = 1D4885441DDD59F300FC49CA;
			productRefGroup = 1D48854E1DDD59F300FC49CA /* Products */;
			projectDirPath = "";
			projectRoot = "";
			targets = (
				1D48854C1DDD59F300FC49CA /* Kwuote */,
			);
		};
/* End PBXProject section */

/* Begin PBXResourcesBuildPhase section */
		1D48854B1DDD59F300FC49CA /* Resources */ = {
			isa = PBXResourcesBuildPhase;
			buildActionMask = 2147483647;
			files = (
				1D48855B1DDD59F300FC49CA /* LaunchScreen.storyboard in Resources */,
				1D4885581DDD59F300FC49CA /* Assets.xcassets in Resources */,
				1D4885561DDD59F300FC49CA /* Main.storyboard in Resources */,
			);
			runOnlyForDeploymentPostprocessing = 0;
		};
/* End PBXResourcesBuildPhase section */

/* Begin PBXSourcesBuildPhase section */
		1D4885491DDD59F300FC49CA /* Sources */ = {
			isa = PBXSourcesBuildPhase;
			buildActionMask = 2147483647;
			files = (
				1D48856A1DDD8E1B00FC49CA /* Alert.swift in Sources */,
				1D4885531DDD59F300FC49CA /* ViewController.swift in Sources */,
				1D4885681DDD87A700FC49CA /* NetworkOperations.swift in Sources */,
				1D4885641DDD80A300FC49CA /* QuoteModels.swift in Sources */,
				1D4885661DDD84DD00FC49CA /* QuoteService.swift in Sources */,
				1D4885511DDD59F300FC49CA /* AppDelegate.swift in Sources */,
			);
			runOnlyForDeploymentPostprocessing = 0;
		};
/* End PBXSourcesBuildPhase section */

/* Begin PBXVariantGroup section */
		1D4885541DDD59F300FC49CA /* Main.storyboard */ = {
			isa = PBXVariantGroup;
			children = (
				1D4885551DDD59F300FC49CA /* Base */,
			);
			name = Main.storyboard;
			sourceTree = "<group>";
		};
		1D4885591DDD59F300FC49CA /* LaunchScreen.storyboard */ = {
			isa = PBXVariantGroup;
			children = (
				1D48855A1DDD59F300FC49CA /* Base */,
			);
			name = LaunchScreen.storyboard;
			sourceTree = "<group>";
		};
/* End PBXVariantGroup section */

/* Begin XCBuildConfiguration section */
		1D48855D1DDD59F300FC49CA /* Debug */ = {
			isa = XCBuildConfiguration;
			buildSettings = {
				ALWAYS_SEARCH_USER_PATHS = NO;
				CLANG_ANALYZER_NONNULL = YES;
				CLANG_CXX_LANGUAGE_STANDARD = "gnu++0x";
				CLANG_CXX_LIBRARY = "libc++";
				CLANG_ENABLE_MODULES = YES;
				CLANG_ENABLE_OBJC_ARC = YES;
				CLANG_WARN_BOOL_CONVERSION = YES;
				CLANG_WARN_CONSTANT_CONVERSION = YES;
				CLANG_WARN_DIRECT_OBJC_ISA_USAGE = YES_ERROR;
				CLANG_WARN_DOCUMENTATION_COMMENTS = YES;
				CLANG_WARN_EMPTY_BODY = YES;
				CLANG_WARN_ENUM_CONVERSION = YES;
				CLANG_WARN_INFINITE_RECURSION = YES;
				CLANG_WARN_INT_CONVERSION = YES;
				CLANG_WARN_OBJC_ROOT_CLASS = YES_ERROR;
				CLANG_WARN_SUSPICIOUS_MOVES = YES;
				CLANG_WARN_UNREACHABLE_CODE = YES;
				CLANG_WARN__DUPLICATE_METHOD_MATCH = YES;
				"CODE_SIGN_IDENTITY[sdk=iphoneos*]" = "iPhone Developer";
				COPY_PHASE_STRIP = NO;
				DEBUG_INFORMATION_FORMAT = dwarf;
				ENABLE_STRICT_OBJC_MSGSEND = YES;
				ENABLE_TESTABILITY = YES;
				GCC_C_LANGUAGE_STANDARD = gnu99;
				GCC_DYNAMIC_NO_PIC = NO;
				GCC_NO_COMMON_BLOCKS = YES;
				GCC_OPTIMIZATION_LEVEL = 0;
				GCC_PREPROCESSOR_DEFINITIONS = (
					"DEBUG=1",
					"$(inherited)",
				);
				GCC_WARN_64_TO_32_BIT_CONVERSION = YES;
				GCC_WARN_ABOUT_RETURN_TYPE = YES_ERROR;
				GCC_WARN_UNDECLARED_SELECTOR = YES;
				GCC_WARN_UNINITIALIZED_AUTOS = YES_AGGRESSIVE;
				GCC_WARN_UNUSED_FUNCTION = YES;
				GCC_WARN_UNUSED_VARIABLE = YES;
				IPHONEOS_DEPLOYMENT_TARGET = 10.1;
				MTL_ENABLE_DEBUG_INFO = YES;
				ONLY_ACTIVE_ARCH = YES;
				SDKROOT = iphoneos;
				SWIFT_ACTIVE_COMPILATION_CONDITIONS = DEBUG;
				SWIFT_OPTIMIZATION_LEVEL = "-Onone";
				TARGETED_DEVICE_FAMILY = "1,2";
			};
			name = Debug;
		};
		1D48855E1DDD59F300FC49CA /* Release */ = {
			isa = XCBuildConfiguration;
			buildSettings = {
				ALWAYS_SEARCH_USER_PATHS = NO;
				CLANG_ANALYZER_NONNULL = YES;
				CLANG_CXX_LANGUAGE_STANDARD = "gnu++0x";
				CLANG_CXX_LIBRARY = "libc++";
				CLANG_ENABLE_MODULES = YES;
				CLANG_ENABLE_OBJC_ARC = YES;
				CLANG_WARN_BOOL_CONVERSION = YES;
				CLANG_WARN_CONSTANT_CONVERSION = YES;
				CLANG_WARN_DIRECT_OBJC_ISA_USAGE = YES_ERROR;
				CLANG_WARN_DOCUMENTATION_COMMENTS = YES;
				CLANG_WARN_EMPTY_BODY = YES;
				CLANG_WARN_ENUM_CONVERSION = YES;
				CLANG_WARN_INFINITE_RECURSION = YES;
				CLANG_WARN_INT_CONVERSION = YES;
				CLANG_WARN_OBJC_ROOT_CLASS = YES_ERROR;
				CLANG_WARN_SUSPICIOUS_MOVES = YES;
				CLANG_WARN_UNREACHABLE_CODE = YES;
				CLANG_WARN__DUPLICATE_METHOD_MATCH = YES;
				"CODE_SIGN_IDENTITY[sdk=iphoneos*]" = "iPhone Developer";
				COPY_PHASE_STRIP = NO;
				DEBUG_INFORMATION_FORMAT = "dwarf-with-dsym";
				ENABLE_NS_ASSERTIONS = NO;
				ENABLE_STRICT_OBJC_MSGSEND = YES;
				GCC_C_LANGUAGE_STANDARD = gnu99;
				GCC_NO_COMMON_BLOCKS = YES;
				GCC_WARN_64_TO_32_BIT_CONVERSION = YES;
				GCC_WARN_ABOUT_RETURN_TYPE = YES_ERROR;
				GCC_WARN_UNDECLARED_SELECTOR = YES;
				GCC_WARN_UNINITIALIZED_AUTOS = YES_AGGRESSIVE;
				GCC_WARN_UNUSED_FUNCTION = YES;
				GCC_WARN_UNUSED_VARIABLE = YES;
				IPHONEOS_DEPLOYMENT_TARGET = 10.1;
				MTL_ENABLE_DEBUG_INFO = NO;
				SDKROOT = iphoneos;
				SWIFT_OPTIMIZATION_LEVEL = "-Owholemodule";
				TARGETED_DEVICE_FAMILY = "1,2";
				VALIDATE_PRODUCT = YES;
			};
			name = Release;
		};
		1D4885601DDD59F300FC49CA /* Debug */ = {
			isa = XCBuildConfiguration;
			buildSettings = {
				ASSETCATALOG_COMPILER_APPICON_NAME = AppIcon;
				DEVELOPMENT_TEAM = 5ZYKCXQGR3;
				INFOPLIST_FILE = Kwuote/Info.plist;
				IPHONEOS_DEPLOYMENT_TARGET = 9.3;
				LD_RUNPATH_SEARCH_PATHS = "$(inherited) @executable_path/Frameworks";
				PRODUCT_BUNDLE_IDENTIFIER = Carson.Kwuote;
				PRODUCT_NAME = "$(TARGET_NAME)";
				SWIFT_VERSION = 3.0;
			};
			name = Debug;
		};
		1D4885611DDD59F300FC49CA /* Release */ = {
			isa = XCBuildConfiguration;
			buildSettings = {
				ASSETCATALOG_COMPILER_APPICON_NAME = AppIcon;
				DEVELOPMENT_TEAM = 5ZYKCXQGR3;
				INFOPLIST_FILE = Kwuote/Info.plist;
				IPHONEOS_DEPLOYMENT_TARGET = 9.3;
				LD_RUNPATH_SEARCH_PATHS = "$(inherited) @executable_path/Frameworks";
				PRODUCT_BUNDLE_IDENTIFIER = Carson.Kwuote;
				PRODUCT_NAME = "$(TARGET_NAME)";
				SWIFT_VERSION = 3.0;
			};
			name = Release;
		};
/* End XCBuildConfiguration section */

/* Begin XCConfigurationList section */
		1D4885481DDD59F300FC49CA /* Build configuration list for PBXProject "Kwuote" */ = {
			isa = XCConfigurationList;
			buildConfigurations = (
				1D48855D1DDD59F300FC49CA /* Debug */,
				1D48855E1DDD59F300FC49CA /* Release */,
			);
			defaultConfigurationIsVisible = 0;
			defaultConfigurationName = Release;
		};
		1D48855F1DDD59F300FC49CA /* Build configuration list for PBXNativeTarget "Kwuote" */ = {
			isa = XCConfigurationList;
			buildConfigurations = (
				1D4885601DDD59F300FC49CA /* Debug */,
				1D4885611DDD59F300FC49CA /* Release */,
			);
			defaultConfigurationIsVisible = 0;
		};
/* End XCConfigurationList section */
	};
	rootObject = 1D4885451DDD59F300FC49CA /* Project object */;
}
